
Microsoft Visual Studio Solution File, Format Version 12.00
# Visual Studio Version 16
VisualStudioVersion = 16.0.31019.35
MinimumVisualStudioVersion = 10.0.40219.1
Project("{FAE04EC0-301F-11D3-BF4B-00C04F79EFBC}") = "UnigineServerImportTestTool", "UnigineServerImportTestTool.csproj", "{61A98E8E-C8B0-42C8-B263-79BD7C8BF264}"
EndProject
Global
	GlobalSection(SolutionConfigurationPlatforms) = preSolution
		Debug|Any CPU = Debug|Any CPU
		Release|Any CPU = Release|Any CPU
	EndGlobalSection
	GlobalSection(ProjectConfigurationPlatforms) = postSolution
		{61A98E8E-C8B0-42C8-B263-79BD7C8BF264}.Debug|Any CPU.ActiveCfg = Debug|Any CPU
		{61A98E8E-C8B0-42C8-B263-79BD7C8BF264}.Debug|Any CPU.Build.0 = Debug|Any CPU
		{61A98E8E-C8B0-42C8-B263-79BD7C8BF264}.Release|Any CPU.ActiveCfg = Release|Any CPU
		{61A98E8E-C8B0-42C8-B263-79BD7C8BF264}.Release|Any CPU.Build.0 = Release|Any CPU
	EndGlobalSection
	GlobalSection(SolutionProperties) = preSolution
		HideSolutionNode = FALSE
	EndGlobalSection
	GlobalSection(ExtensibilityGlobals) = postSolution
		SolutionGuid = {274F1368-E7FB-4872-B40B-CC5EFF2E8C62}
	EndGlobalSection
EndGlobal
